<Solution>
  <Folder Name="/Application/">
    <Project Path="Application/Application.csproj" />
  </Folder>
  <Project Path="CrossCutting/CrossCutting.csproj" />
  <Project Path="Domain/Domain.csproj" />
  <Project Path="Infrastructure/Infrastructure.csproj" />
  <Project Path="Presentation/Presentation.csproj" />
</Solution>
