<Solution>
  <Project Path="CleanArchitecture.Application/CleanArchitecture.Application.csproj" />
  <Project Path="CleanArchitecture.CrossCutting/CleanArchitecture.CrossCutting.csproj" />
  <Project Path="CleanArchitecture.Domain/CleanArchitecture.Domain.csproj" />
  <Project Path="CleanArchitecture.Infrastructure/CleanArchitecture.Infrastructure.csproj" />
  <Project Path="CleanArchitecture.Presentation/CleanArchitecture.Presentation.csproj" />
</Solution>
